// !$*UTF8*$!
{
	archiveVersion = 1;
	classes = {
	};
	objectVersion = 56;
	objects = {

/* Begin PBXBuildFile section */
		1CA9A20EC9A4079F5E996BB7 /* Pods_SwiftNIOServer.framework in Frameworks */ = {isa = PBXBuildFile; fileRef = 9C9DC80F27EBC8589C7D379A /* Pods_SwiftNIOServer.framework */; };
		552360C92A13D92000690A79 /* Assets.xcassets in Resources */ = {isa = PBXBuildFile; fileRef = 552360C82A13D92000690A79 /* Assets.xcassets */; };
		552360CC2A13D92000690A79 /* LaunchScreen.storyboard in Resources */ = {isa = PBXBuildFile; fileRef = 552360CA2A13D92000690A79 /* LaunchScreen.storyboard */; };
		552360D42A13DA9000690A79 /* TCPEchoServerHandler.swift in Sources */ = {isa = PBXBuildFile; fileRef = 552360D32A13DA9000690A79 /* TCPEchoServerHandler.swift */; };
		555C2A242A14A14B00E531D4 /* TCPEchoServer.swift in Sources */ = {isa = PBXBuildFile; fileRef = 555C2A232A14A14B00E531D4 /* TCPEchoServer.swift */; };
		559F1D712A20F18400656D03 /* TCPEchoChattingServer.swift in Sources */ = {isa = PBXBuildFile; fileRef = 559F1D702A20F18400656D03 /* TCPEchoChattingServer.swift */; };
		55F0D4992A1521F1000B8A32 /* main.swift in Sources */ = {isa = PBXBuildFile; fileRef = 55F0D4982A1521F1000B8A32 /* main.swift */; };
/* End PBXBuildFile section */

/* Begin PBXFileReference section */
		552360BC2A13D91F00690A79 /* SwiftNIOServer.app */ = {isa = PBXFileReference; explicitFileType = wrapper.application; includeInIndex = 0; path = SwiftNIOServer.app; sourceTree = BUILT_PRODUCTS_DIR; };
		552360C82A13D92000690A79 /* Assets.xcassets */ = {isa = PBXFileReference; lastKnownFileType = folder.assetcatalog; path = Assets.xcassets; sourceTree = "<group>"; };
		552360CB2A13D92000690A79 /* Base */ = {isa = PBXFileReference; lastKnownFileType = file.storyboard; name = Base; path = Base.lproj/LaunchScreen.storyboard; sourceTree = "<group>"; };
		552360CD2A13D92000690A79 /* Info.plist */ = {isa = PBXFileReference; lastKnownFileType = text.plist.xml; path = Info.plist; sourceTree = "<group>"; };
		552360D32A13DA9000690A79 /* TCPEchoServerHandler.swift */ = {isa = PBXFileReference; lastKnownFileType = sourcecode.swift; path = TCPEchoServerHandler.swift; sourceTree = "<group>"; };
		555C2A232A14A14B00E531D4 /* TCPEchoServer.swift */ = {isa = PBXFileReference; lastKnownFileType = sourcecode.swift; path = TCPEchoServer.swift; sourceTree = "<group>"; };
		559F1D702A20F18400656D03 /* TCPEchoChattingServer.swift */ = {isa = PBXFileReference; lastKnownFileType = sourcecode.swift; path = TCPEchoChattingServer.swift; sourceTree = "<group>"; };
		55F0D4982A1521F1000B8A32 /* main.swift */ = {isa = PBXFileReference; lastKnownFileType = sourcecode.swift; path = main.swift; sourceTree = "<group>"; };
		9C9DC80F27EBC8589C7D379A /* Pods_SwiftNIOServer.framework */ = {isa = PBXFileReference; explicitFileType = wrapper.framework; includeInIndex = 0; path = Pods_SwiftNIOServer.framework; sourceTree = BUILT_PRODUCTS_DIR; };
		CDF03E933B30ADA8A8E02E2A /* Pods-SwiftNIOServer.debug.xcconfig */ = {isa = PBXFileReference; includeInIndex = 1; lastKnownFileType = text.xcconfig; name = "Pods-SwiftNIOServer.debug.xcconfig"; path = "Target Support Files/Pods-SwiftNIOServer/Pods-SwiftNIOServer.debug.xcconfig"; sourceTree = "<group>"; };
		D3687F1B7625A62961D88884 /* Pods-SwiftNIOServer.release.xcconfig */ = {isa = PBXFileReference; includeInIndex = 1; lastKnownFileType = text.xcconfig; name = "Pods-SwiftNIOServer.release.xcconfig"; path = "Target Support Files/Pods-SwiftNIOServer/Pods-SwiftNIOServer.release.xcconfig"; sourceTree = "<group>"; };
/* End PBXFileReference section */

/* Begin PBXFrameworksBuildPhase section */
		552360B92A13D91F00690A79 /* Frameworks */ = {
			isa = PBXFrameworksBuildPhase;
			buildActionMask = 2147483647;
			files = (
				1CA9A20EC9A4079F5E996BB7 /* Pods_SwiftNIOServer.framework in Frameworks */,
			);
			runOnlyForDeploymentPostprocessing = 0;
		};
/* End PBXFrameworksBuildPhase section */

/* Begin PBXGroup section */
		1B739BDD7A7C18C1CE8D8390 /* Frameworks */ = {
			isa = PBXGroup;
			children = (
				9C9DC80F27EBC8589C7D379A /* Pods_SwiftNIOServer.framework */,
			);
			name = Frameworks;
			sourceTree = "<group>";
		};
		552360B32A13D91F00690A79 = {
			isa = PBXGroup;
			children = (
				552360BE2A13D91F00690A79 /* SwiftNIOServer */,
				552360BD2A13D91F00690A79 /* Products */,
				C5E6068AC683EA38DA053215 /* Pods */,
				1B739BDD7A7C18C1CE8D8390 /* Frameworks */,
			);
			sourceTree = "<group>";
		};
		552360BD2A13D91F00690A79 /* Products */ = {
			isa = PBXGroup;
			children = (
				552360BC2A13D91F00690A79 /* SwiftNIOServer.app */,
			);
			name = Products;
			sourceTree = "<group>";
		};
		552360BE2A13D91F00690A79 /* SwiftNIOServer */ = {
			isa = PBXGroup;
			children = (
				552360D32A13DA9000690A79 /* TCPEchoServerHandler.swift */,
				555C2A232A14A14B00E531D4 /* TCPEchoServer.swift */,
				559F1D702A20F18400656D03 /* TCPEchoChattingServer.swift */,
				55F0D4982A1521F1000B8A32 /* main.swift */,
				552360C82A13D92000690A79 /* Assets.xcassets */,
				552360CA2A13D92000690A79 /* LaunchScreen.storyboard */,
				552360CD2A13D92000690A79 /* Info.plist */,
			);
			path = SwiftNIOServer;
			sourceTree = "<group>";
		};
		C5E6068AC683EA38DA053215 /* Pods */ = {
			isa = PBXGroup;
			children = (
				CDF03E933B30ADA8A8E02E2A /* Pods-SwiftNIOServer.debug.xcconfig */,
				D3687F1B7625A62961D88884 /* Pods-SwiftNIOServer.release.xcconfig */,
			);
			path = Pods;
			sourceTree = "<group>";
		};
/* End PBXGroup section */

/* Begin PBXNativeTarget section */
		552360BB2A13D91F00690A79 /* SwiftNIOServer */ = {
			isa = PBXNativeTarget;
			buildConfigurationList = 552360D02A13D92000690A79 /* Build configuration list for PBXNativeTarget "SwiftNIOServer" */;
			buildPhases = (
				7B732D8A007EF1B4D26D3683 /* [CP] Check Pods Manifest.lock */,
				552360B82A13D91F00690A79 /* Sources */,
				552360B92A13D91F00690A79 /* Frameworks */,
				552360BA2A13D91F00690A79 /* Resources */,
				1D5C5F1104DC58A6BED10DF6 /* [CP] Embed Pods Frameworks */,
			);
			buildRules = (
			);
			dependencies = (
			);
			name = SwiftNIOServer;
			productName = SwiftNIOServer;
			productReference = 552360BC2A13D91F00690A79 /* SwiftNIOServer.app */;
			productType = "com.apple.product-type.application";
		};
/* End PBXNativeTarget section */

/* Begin PBXProject section */
		552360B42A13D91F00690A79 /* Project object */ = {
			isa = PBXProject;
			attributes = {
				BuildIndependentTargetsInParallel = 1;
				LastSwiftUpdateCheck = 1420;
				LastUpgradeCheck = 1420;
				TargetAttributes = {
					552360BB2A13D91F00690A79 = {
						CreatedOnToolsVersion = 14.2;
					};
				};
			};
			buildConfigurationList = 552360B72A13D91F00690A79 /* Build configuration list for PBXProject "SwiftNIOServer" */;
			compatibilityVersion = "Xcode 14.0";
			developmentRegion = en;
			hasScannedForEncodings = 0;
			knownRegions = (
				en,
				Base,
			);
			mainGroup = 552360B32A13D91F00690A79;
			productRefGroup = 552360BD2A13D91F00690A79 /* Products */;
			projectDirPath = "";
			projectRoot = "";
			targets = (
				552360BB2A13D91F00690A79 /* SwiftNIOServer */,
			);
		};
/* End PBXProject section */

/* Begin PBXResourcesBuildPhase section */
		552360BA2A13D91F00690A79 /* Resources */ = {
			isa = PBXResourcesBuildPhase;
			buildActionMask = 2147483647;
			files = (
				552360CC2A13D92000690A79 /* LaunchScreen.storyboard in Resources */,
				552360C92A13D92000690A79 /* Assets.xcassets in Resources */,
			);
			runOnlyForDeploymentPostprocessing = 0;
		};
/* End PBXResourcesBuildPhase section */

/* Begin PBXShellScriptBuildPhase section */
		1D5C5F1104DC58A6BED10DF6 /* [CP] Embed Pods Frameworks */ = {
			isa = PBXShellScriptBuildPhase;
			buildActionMask = 2147483647;
			files = (
			);
			inputFileListPaths = (
				"${PODS_ROOT}/Target Support Files/Pods-SwiftNIOServer/Pods-SwiftNIOServer-frameworks-${CONFIGURATION}-input-files.xcfilelist",
			);
			name = "[CP] Embed Pods Frameworks";
			outputFileListPaths = (
				"${PODS_ROOT}/Target Support Files/Pods-SwiftNIOServer/Pods-SwiftNIOServer-frameworks-${CONFIGURATION}-output-files.xcfilelist",
			);
			runOnlyForDeploymentPostprocessing = 0;
			shellPath = /bin/sh;
			shellScript = "\"${PODS_ROOT}/Target Support Files/Pods-SwiftNIOServer/Pods-SwiftNIOServer-frameworks.sh\"\n";
			showEnvVarsInLog = 0;
		};
		7B732D8A007EF1B4D26D3683 /* [CP] Check Pods Manifest.lock */ = {
			isa = PBXShellScriptBuildPhase;
			buildActionMask = 2147483647;
			files = (
			);
			inputFileListPaths = (
			);
			inputPaths = (
				"${PODS_PODFILE_DIR_PATH}/Podfile.lock",
				"${PODS_ROOT}/Manifest.lock",
			);
			name = "[CP] Check Pods Manifest.lock";
			outputFileListPaths = (
			);
			outputPaths = (
				"$(DERIVED_FILE_DIR)/Pods-SwiftNIOServer-checkManifestLockResult.txt",
			);
			runOnlyForDeploymentPostprocessing = 0;
			shellPath = /bin/sh;
			shellScript = "diff \"${PODS_PODFILE_DIR_PATH}/Podfile.lock\" \"${PODS_ROOT}/Manifest.lock\" > /dev/null\nif [ $? != 0 ] ; then\n    # print error to STDERR\n    echo \"error: The sandbox is not in sync with the Podfile.lock. Run 'pod install' or update your CocoaPods installation.\" >&2\n    exit 1\nfi\n# This output is used by Xcode 'outputs' to avoid re-running this script phase.\necho \"SUCCESS\" > \"${SCRIPT_OUTPUT_FILE_0}\"\n";
			showEnvVarsInLog = 0;
		};
/* End PBXShellScriptBuildPhase section */

/* Begin PBXSourcesBuildPhase section */
		552360B82A13D91F00690A79 /* Sources */ = {
			isa = PBXSourcesBuildPhase;
			buildActionMask = 2147483647;
			files = (
				55F0D4992A1521F1000B8A32 /* main.swift in Sources */,
				559F1D712A20F18400656D03 /* TCPEchoChattingServer.swift in Sources */,
				555C2A242A14A14B00E531D4 /* TCPEchoServer.swift in Sources */,
				552360D42A13DA9000690A79 /* TCPEchoServerHandler.swift in Sources */,
			);
			runOnlyForDeploymentPostprocessing = 0;
		};
/* End PBXSourcesBuildPhase section */

/* Begin PBXVariantGroup section */
		552360CA2A13D92000690A79 /* LaunchScreen.storyboard */ = {
			isa = PBXVariantGroup;
			children = (
				552360CB2A13D92000690A79 /* Base */,
			);
			name = LaunchScreen.storyboard;
			sourceTree = "<group>";
		};
/* End PBXVariantGroup section */

/* Begin XCBuildConfiguration section */
		552360CE2A13D92000690A79 /* Debug */ = {
			isa = XCBuildConfiguration;
			buildSettings = {
				ALWAYS_SEARCH_USER_PATHS = NO;
				CLANG_ANALYZER_NONNULL = YES;
				CLANG_ANALYZER_NUMBER_OBJECT_CONVERSION = YES_AGGRESSIVE;
				CLANG_CXX_LANGUAGE_STANDARD = "gnu++20";
				CLANG_ENABLE_MODULES = YES;
				CLANG_ENABLE_OBJC_ARC = YES;
				CLANG_ENABLE_OBJC_WEAK = YES;
				CLANG_WARN_BLOCK_CAPTURE_AUTORELEASING = YES;
				CLANG_WARN_BOOL_CONVERSION = YES;
				CLANG_WARN_COMMA = YES;
				CLANG_WARN_CONSTANT_CONVERSION = YES;
				CLANG_WARN_DEPRECATED_OBJC_IMPLEMENTATIONS = YES;
				CLANG_WARN_DIRECT_OBJC_ISA_USAGE = YES_ERROR;
				CLANG_WARN_DOCUMENTATION_COMMENTS = YES;
				CLANG_WARN_EMPTY_BODY = YES;
				CLANG_WARN_ENUM_CONVERSION = YES;
				CLANG_WARN_INFINITE_RECURSION = YES;
				CLANG_WARN_INT_CONVERSION = YES;
				CLANG_WARN_NON_LITERAL_NULL_CONVERSION = YES;
				CLANG_WARN_OBJC_IMPLICIT_RETAIN_SELF = YES;
				CLANG_WARN_OBJC_LITERAL_CONVERSION = YES;
				CLANG_WARN_OBJC_ROOT_CLASS = YES_ERROR;
				CLANG_WARN_QUOTED_INCLUDE_IN_FRAMEWORK_HEADER = YES;
				CLANG_WARN_RANGE_LOOP_ANALYSIS = YES;
				CLANG_WARN_STRICT_PROTOTYPES = YES;
				CLANG_WARN_SUSPICIOUS_MOVE = YES;
				CLANG_WARN_UNGUARDED_AVAILABILITY = YES_AGGRESSIVE;
				CLANG_WARN_UNREACHABLE_CODE = YES;
				CLANG_WARN__DUPLICATE_METHOD_MATCH = YES;
				COPY_PHASE_STRIP = NO;
				DEBUG_INFORMATION_FORMAT = dwarf;
				ENABLE_STRICT_OBJC_MSGSEND = YES;
				ENABLE_TESTABILITY = YES;
				GCC_C_LANGUAGE_STANDARD = gnu11;
				GCC_DYNAMIC_NO_PIC = NO;
				GCC_NO_COMMON_BLOCKS = YES;
				GCC_OPTIMIZATION_LEVEL = 0;
				GCC_PREPROCESSOR_DEFINITIONS = (
					"DEBUG=1",
					"$(inherited)",
				);
				GCC_WARN_64_TO_32_BIT_CONVERSION = YES;
				GCC_WARN_ABOUT_RETURN_TYPE = YES_ERROR;
				GCC_WARN_UNDECLARED_SELECTOR = YES;
				GCC_WARN_UNINITIALIZED_AUTOS = YES_AGGRESSIVE;
				GCC_WARN_UNUSED_FUNCTION = YES;
				GCC_WARN_UNUSED_VARIABLE = YES;
				IPHONEOS_DEPLOYMENT_TARGET = 16.2;
				MTL_ENABLE_DEBUG_INFO = INCLUDE_SOURCE;
				MTL_FAST_MATH = YES;
				ONLY_ACTIVE_ARCH = YES;
				SDKROOT = iphoneos;
				SWIFT_ACTIVE_COMPILATION_CONDITIONS = DEBUG;
				SWIFT_OPTIMIZATION_LEVEL = "-Onone";
			};
			name = Debug;
		};
		552360CF2A13D92000690A79 /* Release */ = {
			isa = XCBuildConfiguration;
			buildSettings = {
				ALWAYS_SEARCH_USER_PATHS = NO;
				CLANG_ANALYZER_NONNULL = YES;
				CLANG_ANALYZER_NUMBER_OBJECT_CONVERSION = YES_AGGRESSIVE;
				CLANG_CXX_LANGUAGE_STANDARD = "gnu++20";
				CLANG_ENABLE_MODULES = YES;
				CLANG_ENABLE_OBJC_ARC = YES;
				CLANG_ENABLE_OBJC_WEAK = YES;
				CLANG_WARN_BLOCK_CAPTURE_AUTORELEASING = YES;
				CLANG_WARN_BOOL_CONVERSION = YES;
				CLANG_WARN_COMMA = YES;
				CLANG_WARN_CONSTANT_CONVERSION = YES;
				CLANG_WARN_DEPRECATED_OBJC_IMPLEMENTATIONS = YES;
				CLANG_WARN_DIRECT_OBJC_ISA_USAGE = YES_ERROR;
				CLANG_WARN_DOCUMENTATION_COMMENTS = YES;
				CLANG_WARN_EMPTY_BODY = YES;
				CLANG_WARN_ENUM_CONVERSION = YES;
				CLANG_WARN_INFINITE_RECURSION = YES;
				CLANG_WARN_INT_CONVERSION = YES;
				CLANG_WARN_NON_LITERAL_NULL_CONVERSION = YES;
				CLANG_WARN_OBJC_IMPLICIT_RETAIN_SELF = YES;
				CLANG_WARN_OBJC_LITERAL_CONVERSION = YES;
				CLANG_WARN_OBJC_ROOT_CLASS = YES_ERROR;
				CLANG_WARN_QUOTED_INCLUDE_IN_FRAMEWORK_HEADER = YES;
				CLANG_WARN_RANGE_LOOP_ANALYSIS = YES;
				CLANG_WARN_STRICT_PROTOTYPES = YES;
				CLANG_WARN_SUSPICIOUS_MOVE = YES;
				CLANG_WARN_UNGUARDED_AVAILABILITY = YES_AGGRESSIVE;
				CLANG_WARN_UNREACHABLE_CODE = YES;
				CLANG_WARN__DUPLICATE_METHOD_MATCH = YES;
				COPY_PHASE_STRIP = NO;
				DEBUG_INFORMATION_FORMAT = "dwarf-with-dsym";
				ENABLE_NS_ASSERTIONS = NO;
				ENABLE_STRICT_OBJC_MSGSEND = YES;
				GCC_C_LANGUAGE_STANDARD = gnu11;
				GCC_NO_COMMON_BLOCKS = YES;
				GCC_WARN_64_TO_32_BIT_CONVERSION = YES;
				GCC_WARN_ABOUT_RETURN_TYPE = YES_ERROR;
				GCC_WARN_UNDECLARED_SELECTOR = YES;
				GCC_WARN_UNINITIALIZED_AUTOS = YES_AGGRESSIVE;
				GCC_WARN_UNUSED_FUNCTION = YES;
				GCC_WARN_UNUSED_VARIABLE = YES;
				IPHONEOS_DEPLOYMENT_TARGET = 16.2;
				MTL_ENABLE_DEBUG_INFO = NO;
				MTL_FAST_MATH = YES;
				SDKROOT = iphoneos;
				SWIFT_COMPILATION_MODE = wholemodule;
				SWIFT_OPTIMIZATION_LEVEL = "-O";
				VALIDATE_PRODUCT = YES;
			};
			name = Release;
		};
		552360D12A13D92000690A79 /* Debug */ = {
			isa = XCBuildConfiguration;
			baseConfigurationReference = CDF03E933B30ADA8A8E02E2A /* Pods-SwiftNIOServer.debug.xcconfig */;
			buildSettings = {
				ASSETCATALOG_COMPILER_APPICON_NAME = AppIcon;
				ASSETCATALOG_COMPILER_GLOBAL_ACCENT_COLOR_NAME = AccentColor;
				CODE_SIGN_STYLE = Automatic;
				CURRENT_PROJECT_VERSION = 1;
				GENERATE_INFOPLIST_FILE = YES;
				INFOPLIST_FILE = SwiftNIOServer/Info.plist;
				INFOPLIST_KEY_UIApplicationSupportsIndirectInputEvents = YES;
				INFOPLIST_KEY_UILaunchStoryboardName = LaunchScreen;
				INFOPLIST_KEY_UISupportedInterfaceOrientations_iPad = "UIInterfaceOrientationPortrait UIInterfaceOrientationPortraitUpsideDown UIInterfaceOrientationLandscapeLeft UIInterfaceOrientationLandscapeRight";
				INFOPLIST_KEY_UISupportedInterfaceOrientations_iPhone = "UIInterfaceOrientationPortrait UIInterfaceOrientationLandscapeLeft UIInterfaceOrientationLandscapeRight";
				LD_RUNPATH_SEARCH_PATHS = (
					"$(inherited)",
					"@executable_path/Frameworks",
				);
				MARKETING_VERSION = 1.0;
				PRODUCT_BUNDLE_IDENTIFIER = Colli.SwiftNIOServer;
				PRODUCT_NAME = "$(TARGET_NAME)";
				SWIFT_EMIT_LOC_STRINGS = YES;
				SWIFT_VERSION = 5.0;
				TARGETED_DEVICE_FAMILY = "1,2";
			};
			name = Debug;
		};
		552360D22A13D92000690A79 /* Release */ = {
			isa = XCBuildConfiguration;
			baseConfigurationReference = D3687F1B7625A62961D88884 /* Pods-SwiftNIOServer.release.xcconfig */;
			buildSettings = {
				ASSETCATALOG_COMPILER_APPICON_NAME = AppIcon;
				ASSETCATALOG_COMPILER_GLOBAL_ACCENT_COLOR_NAME = AccentColor;
				CODE_SIGN_STYLE = Automatic;
				CURRENT_PROJECT_VERSION = 1;
				GENERATE_INFOPLIST_FILE = YES;
				INFOPLIST_FILE = SwiftNIOServer/Info.plist;
				INFOPLIST_KEY_UIApplicationSupportsIndirectInputEvents = YES;
				INFOPLIST_KEY_UILaunchStoryboardName = LaunchScreen;
				INFOPLIST_KEY_UISupportedInterfaceOrientations_iPad = "UIInterfaceOrientationPortrait UIInterfaceOrientationPortraitUpsideDown UIInterfaceOrientationLandscapeLeft UIInterfaceOrientationLandscapeRight";
				INFOPLIST_KEY_UISupportedInterfaceOrientations_iPhone = "UIInterfaceOrientationPortrait UIInterfaceOrientationLandscapeLeft UIInterfaceOrientationLandscapeRight";
				LD_RUNPATH_SEARCH_PATHS = (
					"$(inherited)",
					"@executable_path/Frameworks",
				);
				MARKETING_VERSION = 1.0;
				PRODUCT_BUNDLE_IDENTIFIER = Colli.SwiftNIOServer;
				PRODUCT_NAME = "$(TARGET_NAME)";
				SWIFT_EMIT_LOC_STRINGS = YES;
				SWIFT_VERSION = 5.0;
				TARGETED_DEVICE_FAMILY = "1,2";
			};
			name = Release;
		};
/* End XCBuildConfiguration section */

/* Begin XCConfigurationList section */
		552360B72A13D91F00690A79 /* Build configuration list for PBXProject "SwiftNIOServer" */ = {
			isa = XCConfigurationList;
			buildConfigurations = (
				552360CE2A13D92000690A79 /* Debug */,
				552360CF2A13D92000690A79 /* Release */,
			);
			defaultConfigurationIsVisible = 0;
			defaultConfigurationName = Release;
		};
		552360D02A13D92000690A79 /* Build configuration list for PBXNativeTarget "SwiftNIOServer" */ = {
			isa = XCConfigurationList;
			buildConfigurations = (
				552360D12A13D92000690A79 /* Debug */,
				552360D22A13D92000690A79 /* Release */,
			);
			defaultConfigurationIsVisible = 0;
			defaultConfigurationName = Release;
		};
/* End XCConfigurationList section */
	};
	rootObject = 552360B42A13D91F00690A79 /* Project object */;
}
